<?xml version="1.0" encoding="utf-8"?>
<Project ToolsVersion="4.0" xmlns="http://schemas.microsoft.com/developer/msbuild/2003">
  <ItemGroup>
    <Filter Include="Source Files">
      <UniqueIdentifier>{4FC737F1-C7A5-4376-A066-2A32D752A2FF}</UniqueIdentifier>
      <Extensions>cpp;c;cc;cxx;c++;cppm;ixx;def;odl;idl;hpj;bat;asm;asmx</Extensions>
    </Filter>
    <Filter Include="Header Files">
      <UniqueIdentifier>{93995380-89BD-4b04-88EB-625FBE52EBFB}</UniqueIdentifier>
      <Extensions>h;hh;hpp;hxx;h++;hm;inl;inc;ipp;xsd</Extensions>
    </Filter>
    <Filter Include="Resource Files">
      <UniqueIdentifier>{67DA6AB6-F800-4c08-8B7A-83BB121AAD01}</UniqueIdentifier>
      <Extensions>rc;ico;cur;bmp;dlg;rc2;rct;bin;rgs;gif;jpg;jpeg;jpe;resx;tiff;tif;png;wav;mfcribbon-ms</Extensions>
    </Filter>
    <Filter Include="Header Files\ProgrammingPatterns">
      <UniqueIdentifier>{55e43aa9-7bbd-4289-8011-20834e1565a8}</UniqueIdentifier>
    </Filter>
    <Filter Include="Header Files\ProgrammingPatterns\AbstractFactory">
      <UniqueIdentifier>{f52def12-0e0a-4cf6-89ca-b038e4053b60}</UniqueIdentifier>
    </Filter>
    <Filter Include="Source Files\ProgrammingPatterns">
      <UniqueIdentifier>{6dfbb29a-9051-450d-ad7e-e1eb90d9eb2c}</UniqueIdentifier>
    </Filter>
    <Filter Include="Source Files\ProgrammingPatterns\AbstractFactory">
      <UniqueIdentifier>{4a53742f-0c60-43ca-ad5a-251ec1c9c048}</UniqueIdentifier>
    </Filter>
    <Filter Include="Header Files\ProgrammingPatterns\Builder">
      <UniqueIdentifier>{68a1e648-4dfc-4d45-8670-fb5307ddda45}</UniqueIdentifier>
    </Filter>
    <Filter Include="Source Files\ProgrammingPatterns\Builder">
      <UniqueIdentifier>{7d5c796e-8cf5-44c6-960c-a1e83e64c68f}</UniqueIdentifier>
    </Filter>
    <Filter Include="Header Files\ProgrammingPatterns\Prototype">
      <UniqueIdentifier>{046a439e-b23d-4f4e-8617-f7a7bf287d75}</UniqueIdentifier>
    </Filter>
    <Filter Include="Header Files\ProgrammingPatterns\Adapter">
      <UniqueIdentifier>{c10338c0-ad28-4f48-b754-beaa0d8f41b6}</UniqueIdentifier>
    </Filter>
  </ItemGroup>
  <ItemGroup>
    <ClInclude Include="include\Item.h">
      <Filter>Header Files</Filter>
    </ClInclude>
    <ClInclude Include="include\Prerequisites.h">
      <Filter>Header Files</Filter>
    </ClInclude>
    <ClInclude Include="include\Inventory.h">
      <Filter>Header Files</Filter>
    </ClInclude>
    <ClInclude Include="include\Rectangulo.h">
      <Filter>Header Files</Filter>
    </ClInclude>
    <ClInclude Include="include\Estudiante.h">
      <Filter>Header Files</Filter>
    </ClInclude>
    <ClInclude Include="include\CuentaBancaria.h">
      <Filter>Header Files</Filter>
    </ClInclude>
    <ClInclude Include="include\Banco.h">
      <Filter>Header Files</Filter>
    </ClInclude>
    <ClInclude Include="include\UsarioBancario.h">
      <Filter>Header Files</Filter>
    </ClInclude>
    <ClInclude Include="include\ProgrammingPattterns\MiSingleton.h">
      <Filter>Header Files\ProgrammingPatterns</Filter>
    </ClInclude>
    <ClInclude Include="include\ProgrammingPattterns\FactoryMethod.h">
      <Filter>Header Files\ProgrammingPatterns</Filter>
    </ClInclude>
    <ClInclude Include="include\ProgrammingPattterns\AbstractFactory\ProductoA.h">
      <Filter>Header Files\ProgrammingPatterns\AbstractFactory</Filter>
    </ClInclude>
    <ClInclude Include="include\ProgrammingPattterns\AbstractFactory\ProductoB.h">
      <Filter>Header Files\ProgrammingPatterns\AbstractFactory</Filter>
    </ClInclude>
    <ClInclude Include="include\ProgrammingPattterns\AbstractFactory\FabricaAbstracta.h">
      <Filter>Header Files\ProgrammingPatterns\AbstractFactory</Filter>
    </ClInclude>
    <ClInclude Include="include\ProgrammingPattterns\AbstractFactory\ProductoA1.h">
      <Filter>Header Files\ProgrammingPatterns\AbstractFactory</Filter>
    </ClInclude>
    <ClInclude Include="include\ProgrammingPattterns\AbstractFactory\ProductoB1.h">
      <Filter>Header Files\ProgrammingPatterns\AbstractFactory</Filter>
    </ClInclude>
    <ClInclude Include="include\ProgrammingPattterns\AbstractFactory\FabricaConcreta.h">
      <Filter>Header Files\ProgrammingPatterns\AbstractFactory</Filter>
    </ClInclude>
    <ClInclude Include="include\ProgrammingPattterns\Builder\Producto.h">
      <Filter>Header Files\ProgrammingPatterns\Builder</Filter>
    </ClInclude>
    <ClInclude Include="include\ProgrammingPattterns\Builder\Builder.h">
      <Filter>Header Files\ProgrammingPatterns\Builder</Filter>
    </ClInclude>
    <ClInclude Include="include\ProgrammingPattterns\Builder\BuilderConcreto.h">
      <Filter>Header Files\ProgrammingPatterns\Builder</Filter>
    </ClInclude>
    <ClInclude Include="include\ProgrammingPattterns\Builder\Director.h">
      <Filter>Header Files\ProgrammingPatterns\Builder</Filter>
    </ClInclude>
    <ClInclude Include="include\ProgrammingPattterns\Builder\Pizza.h">
      <Filter>Header Files\ProgrammingPatterns\Builder</Filter>
    </ClInclude>
    <ClInclude Include="include\ProgrammingPattterns\Builder\ConstructorPizza.h">
      <Filter>Header Files\ProgrammingPatterns\Builder</Filter>
    </ClInclude>
    <ClInclude Include="include\ProgrammingPattterns\Builder\BuilderPizzaHawaiana.h">
      <Filter>Header Files\ProgrammingPatterns\Builder</Filter>
    </ClInclude>
    <ClInclude Include="include\ProgrammingPattterns\Builder\Prototype.h">
      <Filter>Header Files\ProgrammingPatterns\Prototype</Filter>
    </ClInclude>
    <ClInclude Include="include\ProgrammingPattterns\Prototype\PrototypeConcreto.h">
      <Filter>Header Files\ProgrammingPatterns\Prototype</Filter>
    </ClInclude>
    <ClInclude Include="include\ProgrammingPattterns\Adapter\InterfazVieja.h">
      <Filter>Header Files\ProgrammingPatterns\Adapter</Filter>
    </ClInclude>
    <ClInclude Include="include\ProgrammingPattterns\Adapter\InterfazNueva.h">
      <Filter>Header Files\ProgrammingPatterns\Adapter</Filter>
    </ClInclude>
    <ClInclude Include="include\ProgrammingPattterns\Adapter\Adaptador.h">
      <Filter>Header Files\ProgrammingPatterns\Adapter</Filter>
    </ClInclude>
  </ItemGroup>
  <ItemGroup>
    <ClCompile Include="source\main2.cpp">
      <Filter>Source Files</Filter>
    </ClCompile>
    <ClCompile Include="source\ProgrammingPattterns\AbstractFactory\ProductoA1.cpp">
      <Filter>Source Files\ProgrammingPatterns\AbstractFactory</Filter>
    </ClCompile>
    <ClCompile Include="source\ProgrammingPattterns\AbstractFactory\ProductoB1.cpp">
      <Filter>Source Files\ProgrammingPatterns\AbstractFactory</Filter>
    </ClCompile>
    <ClCompile Include="source\ProgrammingPattterns\Builder\BuilderConcreto.cpp">
      <Filter>Source Files\ProgrammingPatterns\Builder</Filter>
    </ClCompile>
  </ItemGroup>
</Project>